
Microsoft Visual Studio Solution File, Format Version 12.00
# Visual Studio Version 16
VisualStudioVersion = 16.0.810.0
MinimumVisualStudioVersion = 10.0.40219.1
Project("{2150E333-8FDC-42A3-9474-1A3956D46DE8}") = "src", "src", "{6FA790F6-98F3-4D6C-AF9F-FC2F1650BA9C}"
EndProject
Project("{2150E333-8FDC-42A3-9474-1A3956D46DE8}") = "tests", "tests", "{29284956-AE5C-4DD0-84D5-85616BDA292E}"
EndProject
Project("{FAE04EC0-301F-11D3-BF4B-00C04F79EFBC}") = "Domain", "Domain\Domain.csproj", "{CE02271A-8143-4D88-BC5D-CEE49FCD0E77}"
EndProject
Project("{FAE04EC0-301F-11D3-BF4B-00C04F79EFBC}") = "Infrastructure", "Infrastructure\Infrastructure.csproj", "{D7A8DA9E-4445-4140-B3F2-9EF76DE7FB3D}"
EndProject
Project("{FAE04EC0-301F-11D3-BF4B-00C04F79EFBC}") = "Application", "Application\Application.csproj", "{77F12463-BC15-448B-98BF-4F9320F3177A}"
EndProject
Project("{FAE04EC0-301F-11D3-BF4B-00C04F79EFBC}") = "Web", "Web\Web.csproj", "{3BAB7D17-B873-4CC2-AC38-15F7C5EC26F1}"
EndProject
Project("{FAE04EC0-301F-11D3-BF4B-00C04F79EFBC}") = "Contracts", "Contracts\Contracts.csproj", "{2D88A127-EC60-4F1A-B751-0895138D03F4}"
EndProject
Project("{FAE04EC0-301F-11D3-BF4B-00C04F79EFBC}") = "Application.Tests.Unit", "Application.Tests.Unit\Application.Tests.Unit.csproj", "{6E96324E-852D-43E3-A9B4-A99A86A68D38}"
EndProject
Project("{FAE04EC0-301F-11D3-BF4B-00C04F79EFBC}") = "Infrastructure.Tests.Unit", "Infrastructure.Tests.Unit\Infrastructure.Tests.Unit.csproj", "{FC3EF004-D9E3-4789-B86A-7648B16D7DA1}"
EndProject
Global
	GlobalSection(SolutionConfigurationPlatforms) = preSolution
		Debug|Any CPU = Debug|Any CPU
		Release|Any CPU = Release|Any CPU
	EndGlobalSection
	GlobalSection(ProjectConfigurationPlatforms) = postSolution
		{CE02271A-8143-4D88-BC5D-CEE49FCD0E77}.Debug|Any CPU.ActiveCfg = Debug|Any CPU
		{CE02271A-8143-4D88-BC5D-CEE49FCD0E77}.Debug|Any CPU.Build.0 = Debug|Any CPU
		{CE02271A-8143-4D88-BC5D-CEE49FCD0E77}.Release|Any CPU.ActiveCfg = Release|Any CPU
		{CE02271A-8143-4D88-BC5D-CEE49FCD0E77}.Release|Any CPU.Build.0 = Release|Any CPU
		{D7A8DA9E-4445-4140-B3F2-9EF76DE7FB3D}.Debug|Any CPU.ActiveCfg = Debug|Any CPU
		{D7A8DA9E-4445-4140-B3F2-9EF76DE7FB3D}.Debug|Any CPU.Build.0 = Debug|Any CPU
		{D7A8DA9E-4445-4140-B3F2-9EF76DE7FB3D}.Release|Any CPU.ActiveCfg = Release|Any CPU
		{D7A8DA9E-4445-4140-B3F2-9EF76DE7FB3D}.Release|Any CPU.Build.0 = Release|Any CPU
		{77F12463-BC15-448B-98BF-4F9320F3177A}.Debug|Any CPU.ActiveCfg = Debug|Any CPU
		{77F12463-BC15-448B-98BF-4F9320F3177A}.Debug|Any CPU.Build.0 = Debug|Any CPU
		{77F12463-BC15-448B-98BF-4F9320F3177A}.Release|Any CPU.ActiveCfg = Release|Any CPU
		{77F12463-BC15-448B-98BF-4F9320F3177A}.Release|Any CPU.Build.0 = Release|Any CPU
		{3BAB7D17-B873-4CC2-AC38-15F7C5EC26F1}.Debug|Any CPU.ActiveCfg = Debug|Any CPU
		{3BAB7D17-B873-4CC2-AC38-15F7C5EC26F1}.Debug|Any CPU.Build.0 = Debug|Any CPU
		{3BAB7D17-B873-4CC2-AC38-15F7C5EC26F1}.Release|Any CPU.ActiveCfg = Release|Any CPU
		{3BAB7D17-B873-4CC2-AC38-15F7C5EC26F1}.Release|Any CPU.Build.0 = Release|Any CPU
		{2D88A127-EC60-4F1A-B751-0895138D03F4}.Debug|Any CPU.ActiveCfg = Debug|Any CPU
		{2D88A127-EC60-4F1A-B751-0895138D03F4}.Debug|Any CPU.Build.0 = Debug|Any CPU
		{2D88A127-EC60-4F1A-B751-0895138D03F4}.Release|Any CPU.ActiveCfg = Release|Any CPU
		{2D88A127-EC60-4F1A-B751-0895138D03F4}.Release|Any CPU.Build.0 = Release|Any CPU
		{6E96324E-852D-43E3-A9B4-A99A86A68D38}.Debug|Any CPU.ActiveCfg = Debug|Any CPU
		{6E96324E-852D-43E3-A9B4-A99A86A68D38}.Debug|Any CPU.Build.0 = Debug|Any CPU
		{6E96324E-852D-43E3-A9B4-A99A86A68D38}.Release|Any CPU.ActiveCfg = Release|Any CPU
		{6E96324E-852D-43E3-A9B4-A99A86A68D38}.Release|Any CPU.Build.0 = Release|Any CPU
		{FC3EF004-D9E3-4789-B86A-7648B16D7DA1}.Debug|Any CPU.ActiveCfg = Debug|Any CPU
		{FC3EF004-D9E3-4789-B86A-7648B16D7DA1}.Debug|Any CPU.Build.0 = Debug|Any CPU
		{FC3EF004-D9E3-4789-B86A-7648B16D7DA1}.Release|Any CPU.ActiveCfg = Release|Any CPU
		{FC3EF004-D9E3-4789-B86A-7648B16D7DA1}.Release|Any CPU.Build.0 = Release|Any CPU
	EndGlobalSection
	GlobalSection(SolutionProperties) = preSolution
		HideSolutionNode = FALSE
	EndGlobalSection
	GlobalSection(ExtensibilityGlobals) = postSolution
		SolutionGuid = {CBBA536B-D05B-4B71-9A95-0286BF23B117}
	EndGlobalSection
	GlobalSection(NestedProjects) = preSolution
		{CE02271A-8143-4D88-BC5D-CEE49FCD0E77} = {6FA790F6-98F3-4D6C-AF9F-FC2F1650BA9C}
		{D7A8DA9E-4445-4140-B3F2-9EF76DE7FB3D} = {6FA790F6-98F3-4D6C-AF9F-FC2F1650BA9C}
		{77F12463-BC15-448B-98BF-4F9320F3177A} = {6FA790F6-98F3-4D6C-AF9F-FC2F1650BA9C}
		{3BAB7D17-B873-4CC2-AC38-15F7C5EC26F1} = {6FA790F6-98F3-4D6C-AF9F-FC2F1650BA9C}
		{2D88A127-EC60-4F1A-B751-0895138D03F4} = {6FA790F6-98F3-4D6C-AF9F-FC2F1650BA9C}
		{6E96324E-852D-43E3-A9B4-A99A86A68D38} = {29284956-AE5C-4DD0-84D5-85616BDA292E}
		{FC3EF004-D9E3-4789-B86A-7648B16D7DA1} = {29284956-AE5C-4DD0-84D5-85616BDA292E}
	EndGlobalSection
EndGlobal
